
Microsoft Visual Studio Solution File, Format Version 12.00
# Visual Studio Version 17
VisualStudioVersion = 17.5.002.0
MinimumVisualStudioVersion = 10.0.40219.1
Project("{9A19103F-16F7-4668-BE54-9A1E7A4F7556}") = "Api", "Api.csproj", "{B13392C1-8B9A-49D1-BCB7-89A287BBEB59}"
EndProject
Global
	GlobalSection(SolutionConfigurationPlatforms) = preSolution
		Debug|Any CPU = Debug|Any CPU
		Release|Any CPU = Release|Any CPU
	EndGlobalSection
	GlobalSection(ProjectConfigurationPlatforms) = postSolution
		{B13392C1-8B9A-49D1-BCB7-89A287BBEB59}.Debug|Any CPU.ActiveCfg = Debug|Any CPU
		{B13392C1-8B9A-49D1-BCB7-89A287BBEB59}.Debug|Any CPU.Build.0 = Debug|Any CPU
		{B13392C1-8B9A-49D1-BCB7-89A287BBEB59}.Release|Any CPU.ActiveCfg = Release|Any CPU
		{B13392C1-8B9A-49D1-BCB7-89A287BBEB59}.Release|Any CPU.Build.0 = Release|Any CPU
	EndGlobalSection
	GlobalSection(SolutionProperties) = preSolution
		HideSolutionNode = FALSE
	EndGlobalSection
	GlobalSection(ExtensibilityGlobals) = postSolution
		SolutionGuid = {F7974900-C050-4969-858D-2BF9B2B0FF8F}
	EndGlobalSection
EndGlobal
